
Microsoft Visual Studio Solution File, Format Version 12.00
# Visual Studio Version 16
VisualStudioVersion = 16.0.29409.12
MinimumVisualStudioVersion = 10.0.40219.1
Project("{9A19103F-16F7-4668-BE54-9A1E7A4F7556}") = "ConsoleApp", "ConsoleApp\ConsoleApp.csproj", "{2F0DD0D2-AFF6-4355-9516-3684B6FF57A5}"
EndProject
Project("{9A19103F-16F7-4668-BE54-9A1E7A4F7556}") = "DAL", "DAL\DAL.csproj", "{5CEBE1A6-E916-404E-9C26-3CCED5717415}"
EndProject
Project("{9A19103F-16F7-4668-BE54-9A1E7A4F7556}") = "BLL", "BLL\BLL.csproj", "{5463DA52-3465-4222-B825-B61A1DE64213}"
EndProject
Project("{9A19103F-16F7-4668-BE54-9A1E7A4F7556}") = "DTO", "DTO\DTO.csproj", "{FBCBA9BC-7D0D-442D-BFA5-AD5B5B6AF05C}"
EndProject
Project("{FAE04EC0-301F-11D3-BF4B-00C04F79EFBC}") = "WebApplication", "WebApplication\WebApplication.csproj", "{BF8EBF0D-02AC-4D6D-BDFB-74EC1D3C614D}"
EndProject
Global
	GlobalSection(SolutionConfigurationPlatforms) = preSolution
		Debug|Any CPU = Debug|Any CPU
		Release|Any CPU = Release|Any CPU
	EndGlobalSection
	GlobalSection(ProjectConfigurationPlatforms) = postSolution
		{2F0DD0D2-AFF6-4355-9516-3684B6FF57A5}.Debug|Any CPU.ActiveCfg = Debug|Any CPU
		{2F0DD0D2-AFF6-4355-9516-3684B6FF57A5}.Debug|Any CPU.Build.0 = Debug|Any CPU
		{2F0DD0D2-AFF6-4355-9516-3684B6FF57A5}.Release|Any CPU.ActiveCfg = Release|Any CPU
		{2F0DD0D2-AFF6-4355-9516-3684B6FF57A5}.Release|Any CPU.Build.0 = Release|Any CPU
		{5CEBE1A6-E916-404E-9C26-3CCED5717415}.Debug|Any CPU.ActiveCfg = Debug|Any CPU
		{5CEBE1A6-E916-404E-9C26-3CCED5717415}.Debug|Any CPU.Build.0 = Debug|Any CPU
		{5CEBE1A6-E916-404E-9C26-3CCED5717415}.Release|Any CPU.ActiveCfg = Release|Any CPU
		{5CEBE1A6-E916-404E-9C26-3CCED5717415}.Release|Any CPU.Build.0 = Release|Any CPU
		{5463DA52-3465-4222-B825-B61A1DE64213}.Debug|Any CPU.ActiveCfg = Debug|Any CPU
		{5463DA52-3465-4222-B825-B61A1DE64213}.Debug|Any CPU.Build.0 = Debug|Any CPU
		{5463DA52-3465-4222-B825-B61A1DE64213}.Release|Any CPU.ActiveCfg = Release|Any CPU
		{5463DA52-3465-4222-B825-B61A1DE64213}.Release|Any CPU.Build.0 = Release|Any CPU
		{FBCBA9BC-7D0D-442D-BFA5-AD5B5B6AF05C}.Debug|Any CPU.ActiveCfg = Debug|Any CPU
		{FBCBA9BC-7D0D-442D-BFA5-AD5B5B6AF05C}.Debug|Any CPU.Build.0 = Debug|Any CPU
		{FBCBA9BC-7D0D-442D-BFA5-AD5B5B6AF05C}.Release|Any CPU.ActiveCfg = Release|Any CPU
		{FBCBA9BC-7D0D-442D-BFA5-AD5B5B6AF05C}.Release|Any CPU.Build.0 = Release|Any CPU
		{BF8EBF0D-02AC-4D6D-BDFB-74EC1D3C614D}.Debug|Any CPU.ActiveCfg = Debug|Any CPU
		{BF8EBF0D-02AC-4D6D-BDFB-74EC1D3C614D}.Debug|Any CPU.Build.0 = Debug|Any CPU
		{BF8EBF0D-02AC-4D6D-BDFB-74EC1D3C614D}.Release|Any CPU.ActiveCfg = Release|Any CPU
		{BF8EBF0D-02AC-4D6D-BDFB-74EC1D3C614D}.Release|Any CPU.Build.0 = Release|Any CPU
	EndGlobalSection
	GlobalSection(SolutionProperties) = preSolution
		HideSolutionNode = FALSE
	EndGlobalSection
	GlobalSection(ExtensibilityGlobals) = postSolution
		SolutionGuid = {7FF8ED47-AC52-4831-BB61-BF3A7155FB3C}
	EndGlobalSection
EndGlobal
